
Microsoft Visual Studio Solution File, Format Version 12.00
# Visual Studio Version 17
VisualStudioVersion = 17.14.36202.13 d17.14
MinimumVisualStudioVersion = 10.0.40219.1
Project("{FAE04EC0-301F-11D3-BF4B-00C04F79EFBC}") = "HomeTask8", "HomeTask8\HomeTask8.csproj", "{4D96F2C9-1B98-4C3C-AA27-3A35BDA04A47}"
EndProject
Global
	GlobalSection(SolutionConfigurationPlatforms) = preSolution
		Debug|Any CPU = Debug|Any CPU
		Release|Any CPU = Release|Any CPU
	EndGlobalSection
	GlobalSection(ProjectConfigurationPlatforms) = postSolution
		{4D96F2C9-1B98-4C3C-AA27-3A35BDA04A47}.Debug|Any CPU.ActiveCfg = Debug|Any CPU
		{4D96F2C9-1B98-4C3C-AA27-3A35BDA04A47}.Debug|Any CPU.Build.0 = Debug|Any CPU
		{4D96F2C9-1B98-4C3C-AA27-3A35BDA04A47}.Release|Any CPU.ActiveCfg = Release|Any CPU
		{4D96F2C9-1B98-4C3C-AA27-3A35BDA04A47}.Release|Any CPU.Build.0 = Release|Any CPU
	EndGlobalSection
	GlobalSection(SolutionProperties) = preSolution
		HideSolutionNode = FALSE
	EndGlobalSection
	GlobalSection(ExtensibilityGlobals) = postSolution
		SolutionGuid = {92DABEFC-08BC-4585-8492-4A70FEB74129}
	EndGlobalSection
EndGlobal
