
Microsoft Visual Studio Solution File, Format Version 12.00
# Visual Studio Version 17
VisualStudioVersion = 17.14.36212.18 d17.14
MinimumVisualStudioVersion = 10.0.40219.1
Project("{FAE04EC0-301F-11D3-BF4B-00C04F79EFBC}") = "HomeWorkTelegramBot", "HomeWorkTelegramBot\HomeWorkTelegramBot.csproj", "{832C4EBA-06E8-4777-8752-574231897AA9}"
EndProject
Global
	GlobalSection(SolutionConfigurationPlatforms) = preSolution
		Debug|Any CPU = Debug|Any CPU
		Release|Any CPU = Release|Any CPU
	EndGlobalSection
	GlobalSection(ProjectConfigurationPlatforms) = postSolution
		{832C4EBA-06E8-4777-8752-574231897AA9}.Debug|Any CPU.ActiveCfg = Debug|Any CPU
		{832C4EBA-06E8-4777-8752-574231897AA9}.Debug|Any CPU.Build.0 = Debug|Any CPU
		{832C4EBA-06E8-4777-8752-574231897AA9}.Release|Any CPU.ActiveCfg = Release|Any CPU
		{832C4EBA-06E8-4777-8752-574231897AA9}.Release|Any CPU.Build.0 = Release|Any CPU
	EndGlobalSection
	GlobalSection(SolutionProperties) = preSolution
		HideSolutionNode = FALSE
	EndGlobalSection
	GlobalSection(ExtensibilityGlobals) = postSolution
		SolutionGuid = {3D1F0CF1-5202-40A0-AB3B-0F3FC40AF3C9}
	EndGlobalSection
EndGlobal
