
Microsoft Visual Studio Solution File, Format Version 12.00
# Visual Studio Version 17
VisualStudioVersion = 17.14.36202.13 d17.14
MinimumVisualStudioVersion = 10.0.40219.1
Project("{FAE04EC0-301F-11D3-BF4B-00C04F79EFBC}") = "HomeWork1", "HomeWork1\HomeWork1.csproj", "{CC19E2AF-C1CF-4EA4-B477-AFC95530E8FA}"
EndProject
Global
	GlobalSection(SolutionConfigurationPlatforms) = preSolution
		Debug|Any CPU = Debug|Any CPU
		Release|Any CPU = Release|Any CPU
	EndGlobalSection
	GlobalSection(ProjectConfigurationPlatforms) = postSolution
		{CC19E2AF-C1CF-4EA4-B477-AFC95530E8FA}.Debug|Any CPU.ActiveCfg = Debug|Any CPU
		{CC19E2AF-C1CF-4EA4-B477-AFC95530E8FA}.Debug|Any CPU.Build.0 = Debug|Any CPU
		{CC19E2AF-C1CF-4EA4-B477-AFC95530E8FA}.Release|Any CPU.ActiveCfg = Release|Any CPU
		{CC19E2AF-C1CF-4EA4-B477-AFC95530E8FA}.Release|Any CPU.Build.0 = Release|Any CPU
	EndGlobalSection
	GlobalSection(SolutionProperties) = preSolution
		HideSolutionNode = FALSE
	EndGlobalSection
	GlobalSection(ExtensibilityGlobals) = postSolution
		SolutionGuid = {3FD4F9BD-C00B-446E-BD5B-A2D092D5DF36}
	EndGlobalSection
EndGlobal
