
Microsoft Visual Studio Solution File, Format Version 12.00
# Visual Studio Version 17
VisualStudioVersion = 17.14.36212.18 d17.14
MinimumVisualStudioVersion = 10.0.40219.1
Project("{FAE04EC0-301F-11D3-BF4B-00C04F79EFBC}") = "HomeTask14", "HomeTask14.csproj", "{08CDC0D0-8597-4A55-AF87-7EADB83715C2}"
EndProject
Global
	GlobalSection(SolutionConfigurationPlatforms) = preSolution
		Debug|Any CPU = Debug|Any CPU
		Release|Any CPU = Release|Any CPU
	EndGlobalSection
	GlobalSection(ProjectConfigurationPlatforms) = postSolution
		{08CDC0D0-8597-4A55-AF87-7EADB83715C2}.Debug|Any CPU.ActiveCfg = Debug|Any CPU
		{08CDC0D0-8597-4A55-AF87-7EADB83715C2}.Debug|Any CPU.Build.0 = Debug|Any CPU
		{08CDC0D0-8597-4A55-AF87-7EADB83715C2}.Release|Any CPU.ActiveCfg = Release|Any CPU
		{08CDC0D0-8597-4A55-AF87-7EADB83715C2}.Release|Any CPU.Build.0 = Release|Any CPU
	EndGlobalSection
	GlobalSection(SolutionProperties) = preSolution
		HideSolutionNode = FALSE
	EndGlobalSection
	GlobalSection(ExtensibilityGlobals) = postSolution
		SolutionGuid = {AF7E4EDC-A8EE-4F2D-A949-A9DD0DE05062}
	EndGlobalSection
EndGlobal
