
Microsoft Visual Studio Solution File, Format Version 12.00
# Visual Studio Version 17
VisualStudioVersion = 17.14.36212.18 d17.14
MinimumVisualStudioVersion = 10.0.40219.1
Project("{FAE04EC0-301F-11D3-BF4B-00C04F79EFBC}") = "HomeTask11", "HomeTask11\HomeTask11.csproj", "{2756D1A7-2886-4197-819C-C9EAD70A16CD}"
EndProject
Global
	GlobalSection(SolutionConfigurationPlatforms) = preSolution
		Debug|Any CPU = Debug|Any CPU
		Release|Any CPU = Release|Any CPU
	EndGlobalSection
	GlobalSection(ProjectConfigurationPlatforms) = postSolution
		{2756D1A7-2886-4197-819C-C9EAD70A16CD}.Debug|Any CPU.ActiveCfg = Debug|Any CPU
		{2756D1A7-2886-4197-819C-C9EAD70A16CD}.Debug|Any CPU.Build.0 = Debug|Any CPU
		{2756D1A7-2886-4197-819C-C9EAD70A16CD}.Release|Any CPU.ActiveCfg = Release|Any CPU
		{2756D1A7-2886-4197-819C-C9EAD70A16CD}.Release|Any CPU.Build.0 = Release|Any CPU
	EndGlobalSection
	GlobalSection(SolutionProperties) = preSolution
		HideSolutionNode = FALSE
	EndGlobalSection
	GlobalSection(ExtensibilityGlobals) = postSolution
		SolutionGuid = {C5DEEB80-25ED-4BFA-8D66-A77AADD927FE}
	EndGlobalSection
EndGlobal
