
Microsoft Visual Studio Solution File, Format Version 12.00
# Visual Studio Version 17
VisualStudioVersion = 17.14.36212.18 d17.14
MinimumVisualStudioVersion = 10.0.40219.1
Project("{FAE04EC0-301F-11D3-BF4B-00C04F79EFBC}") = "MainApp", "MainApp.csproj", "{CABD7018-1ED7-4823-B759-E68346C1AD4C}"
EndProject
Project("{FAE04EC0-301F-11D3-BF4B-00C04F79EFBC}") = "Domain", "..\Domain\Domain.csproj", "{550D254E-EEB1-4E4D-8905-00463B7D3200}"
EndProject
Project("{FAE04EC0-301F-11D3-BF4B-00C04F79EFBC}") = "Infrastructure", "..\Infrastructure\Infrastructure.csproj", "{51146563-46B6-4473-8633-10D332606429}"
EndProject
Global
	GlobalSection(SolutionConfigurationPlatforms) = preSolution
		Debug|Any CPU = Debug|Any CPU
		Release|Any CPU = Release|Any CPU
	EndGlobalSection
	GlobalSection(ProjectConfigurationPlatforms) = postSolution
		{CABD7018-1ED7-4823-B759-E68346C1AD4C}.Debug|Any CPU.ActiveCfg = Debug|Any CPU
		{CABD7018-1ED7-4823-B759-E68346C1AD4C}.Debug|Any CPU.Build.0 = Debug|Any CPU
		{CABD7018-1ED7-4823-B759-E68346C1AD4C}.Release|Any CPU.ActiveCfg = Release|Any CPU
		{CABD7018-1ED7-4823-B759-E68346C1AD4C}.Release|Any CPU.Build.0 = Release|Any CPU
		{550D254E-EEB1-4E4D-8905-00463B7D3200}.Debug|Any CPU.ActiveCfg = Debug|Any CPU
		{550D254E-EEB1-4E4D-8905-00463B7D3200}.Debug|Any CPU.Build.0 = Debug|Any CPU
		{550D254E-EEB1-4E4D-8905-00463B7D3200}.Release|Any CPU.ActiveCfg = Release|Any CPU
		{550D254E-EEB1-4E4D-8905-00463B7D3200}.Release|Any CPU.Build.0 = Release|Any CPU
		{51146563-46B6-4473-8633-10D332606429}.Debug|Any CPU.ActiveCfg = Debug|Any CPU
		{51146563-46B6-4473-8633-10D332606429}.Debug|Any CPU.Build.0 = Debug|Any CPU
		{51146563-46B6-4473-8633-10D332606429}.Release|Any CPU.ActiveCfg = Release|Any CPU
		{51146563-46B6-4473-8633-10D332606429}.Release|Any CPU.Build.0 = Release|Any CPU
	EndGlobalSection
	GlobalSection(SolutionProperties) = preSolution
		HideSolutionNode = FALSE
	EndGlobalSection
	GlobalSection(ExtensibilityGlobals) = postSolution
		SolutionGuid = {6A646668-06D7-497C-B769-AA6162A5914D}
	EndGlobalSection
EndGlobal
